
Microsoft Visual Studio Solution File, Format Version 12.00
# Visual Studio Version 17
VisualStudioVersion = 17.9.34607.119
MinimumVisualStudioVersion = 10.0.40219.1
Project("{FAE04EC0-301F-11D3-BF4B-00C04F79EFBC}") = "ProformaInvoiceBackEnd", "ProformaInvoiceBackEnd\ProformaInvoiceBackEnd.csproj", "{F5942B49-9345-4F93-9829-8BC96CA5B243}"
EndProject
Global
	GlobalSection(SolutionConfigurationPlatforms) = preSolution
		Debug|Any CPU = Debug|Any CPU
		Release|Any CPU = Release|Any CPU
	EndGlobalSection
	GlobalSection(ProjectConfigurationPlatforms) = postSolution
		{F5942B49-9345-4F93-9829-8BC96CA5B243}.Debug|Any CPU.ActiveCfg = Debug|Any CPU
		{F5942B49-9345-4F93-9829-8BC96CA5B243}.Debug|Any CPU.Build.0 = Debug|Any CPU
		{F5942B49-9345-4F93-9829-8BC96CA5B243}.Release|Any CPU.ActiveCfg = Release|Any CPU
		{F5942B49-9345-4F93-9829-8BC96CA5B243}.Release|Any CPU.Build.0 = Release|Any CPU
	EndGlobalSection
	GlobalSection(SolutionProperties) = preSolution
		HideSolutionNode = FALSE
	EndGlobalSection
	GlobalSection(ExtensibilityGlobals) = postSolution
		SolutionGuid = {D7C34129-B826-4EAF-871E-F84D81E26EAA}
	EndGlobalSection
EndGlobal
